
Microsoft Visual Studio Solution File, Format Version 12.00
# Visual Studio Version 16
VisualStudioVersion = 16.0.30907.101
MinimumVisualStudioVersion = 10.0.40219.1
Project("{FAE04EC0-301F-11D3-BF4B-00C04F79EFBC}") = "SVPP_Lab_6", "SVPP_Lab_6\SVPP_Lab_6.csproj", "{533482F6-13AD-4E6A-987A-2E148717EA17}"
EndProject
Global
	GlobalSection(SolutionConfigurationPlatforms) = preSolution
		Debug|Any CPU = Debug|Any CPU
		Release|Any CPU = Release|Any CPU
	EndGlobalSection
	GlobalSection(ProjectConfigurationPlatforms) = postSolution
		{533482F6-13AD-4E6A-987A-2E148717EA17}.Debug|Any CPU.ActiveCfg = Debug|Any CPU
		{533482F6-13AD-4E6A-987A-2E148717EA17}.Debug|Any CPU.Build.0 = Debug|Any CPU
		{533482F6-13AD-4E6A-987A-2E148717EA17}.Release|Any CPU.ActiveCfg = Release|Any CPU
		{533482F6-13AD-4E6A-987A-2E148717EA17}.Release|Any CPU.Build.0 = Release|Any CPU
	EndGlobalSection
	GlobalSection(SolutionProperties) = preSolution
		HideSolutionNode = FALSE
	EndGlobalSection
	GlobalSection(ExtensibilityGlobals) = postSolution
		SolutionGuid = {68BB0C57-93AF-4746-B2E7-ACFF1BF2B445}
	EndGlobalSection
EndGlobal
