
Microsoft Visual Studio Solution File, Format Version 12.00
# Visual Studio Version 16
VisualStudioVersion = 16.0.30804.86
MinimumVisualStudioVersion = 10.0.40219.1
Project("{FAE04EC0-301F-11D3-BF4B-00C04F79EFBC}") = "SVPP_Lab_1", "SVPP_Lab_1\SVPP_Lab_1.csproj", "{1296B2B3-02BE-4926-9C08-7C5AC1AF993A}"
EndProject
Global
	GlobalSection(SolutionConfigurationPlatforms) = preSolution
		Debug|Any CPU = Debug|Any CPU
		Release|Any CPU = Release|Any CPU
	EndGlobalSection
	GlobalSection(ProjectConfigurationPlatforms) = postSolution
		{1296B2B3-02BE-4926-9C08-7C5AC1AF993A}.Debug|Any CPU.ActiveCfg = Debug|Any CPU
		{1296B2B3-02BE-4926-9C08-7C5AC1AF993A}.Debug|Any CPU.Build.0 = Debug|Any CPU
		{1296B2B3-02BE-4926-9C08-7C5AC1AF993A}.Release|Any CPU.ActiveCfg = Release|Any CPU
		{1296B2B3-02BE-4926-9C08-7C5AC1AF993A}.Release|Any CPU.Build.0 = Release|Any CPU
	EndGlobalSection
	GlobalSection(SolutionProperties) = preSolution
		HideSolutionNode = FALSE
	EndGlobalSection
	GlobalSection(ExtensibilityGlobals) = postSolution
		SolutionGuid = {35D8C822-0F4A-4447-AFBE-9663542393B2}
	EndGlobalSection
EndGlobal
