
Microsoft Visual Studio Solution File, Format Version 12.00
# Visual Studio Version 16
VisualStudioVersion = 16.0.30907.101
MinimumVisualStudioVersion = 10.0.40219.1
Project("{FAE04EC0-301F-11D3-BF4B-00C04F79EFBC}") = "SVPP_Lab_8", "SVPP_Lab_8\SVPP_Lab_8.csproj", "{60937315-E74D-4227-8BC1-29CFAF5E4477}"
EndProject
Global
	GlobalSection(SolutionConfigurationPlatforms) = preSolution
		Debug|Any CPU = Debug|Any CPU
		Release|Any CPU = Release|Any CPU
	EndGlobalSection
	GlobalSection(ProjectConfigurationPlatforms) = postSolution
		{60937315-E74D-4227-8BC1-29CFAF5E4477}.Debug|Any CPU.ActiveCfg = Debug|Any CPU
		{60937315-E74D-4227-8BC1-29CFAF5E4477}.Debug|Any CPU.Build.0 = Debug|Any CPU
		{60937315-E74D-4227-8BC1-29CFAF5E4477}.Release|Any CPU.ActiveCfg = Release|Any CPU
		{60937315-E74D-4227-8BC1-29CFAF5E4477}.Release|Any CPU.Build.0 = Release|Any CPU
	EndGlobalSection
	GlobalSection(SolutionProperties) = preSolution
		HideSolutionNode = FALSE
	EndGlobalSection
	GlobalSection(ExtensibilityGlobals) = postSolution
		SolutionGuid = {EE88A92C-504E-443C-99C7-E9DCFF659438}
	EndGlobalSection
EndGlobal
